
Microsoft Visual Studio Solution File, Format Version 12.00
# Visual Studio 15
VisualStudioVersion = 15.0.28010.2003
MinimumVisualStudioVersion = 10.0.40219.1
Project("{FAE04EC0-301F-11D3-BF4B-00C04F79EFBC}") = "RPG-Combat", "RPG-Combat\RPG-Combat.csproj", "{AEE68BE5-D906-4521-B9B6-2D199A344BBA}"
EndProject
Project("{FAE04EC0-301F-11D3-BF4B-00C04F79EFBC}") = "RPG-Combat.XUnitTests", "RPG-Combat.XUnitTests\RPG-Combat.XUnitTests.csproj", "{A535FCA7-B115-48EC-9246-EB8A1A644695}"
EndProject
Project("{FAE04EC0-301F-11D3-BF4B-00C04F79EFBC}") = "RPG-Combat.NUnitTests", "RPG-Combat.NUnitTests\RPG-Combat.NUnitTests.csproj", "{410A46D0-6E09-40C9-AE98-CF91941738C7}"
EndProject
Global
	GlobalSection(SolutionConfigurationPlatforms) = preSolution
		Debug|Any CPU = Debug|Any CPU
		Release|Any CPU = Release|Any CPU
	EndGlobalSection
	GlobalSection(ProjectConfigurationPlatforms) = postSolution
		{AEE68BE5-D906-4521-B9B6-2D199A344BBA}.Debug|Any CPU.ActiveCfg = Debug|Any CPU
		{AEE68BE5-D906-4521-B9B6-2D199A344BBA}.Debug|Any CPU.Build.0 = Debug|Any CPU
		{AEE68BE5-D906-4521-B9B6-2D199A344BBA}.Release|Any CPU.ActiveCfg = Release|Any CPU
		{AEE68BE5-D906-4521-B9B6-2D199A344BBA}.Release|Any CPU.Build.0 = Release|Any CPU
		{A535FCA7-B115-48EC-9246-EB8A1A644695}.Debug|Any CPU.ActiveCfg = Debug|Any CPU
		{A535FCA7-B115-48EC-9246-EB8A1A644695}.Debug|Any CPU.Build.0 = Debug|Any CPU
		{A535FCA7-B115-48EC-9246-EB8A1A644695}.Release|Any CPU.ActiveCfg = Release|Any CPU
		{A535FCA7-B115-48EC-9246-EB8A1A644695}.Release|Any CPU.Build.0 = Release|Any CPU
		{410A46D0-6E09-40C9-AE98-CF91941738C7}.Debug|Any CPU.ActiveCfg = Debug|Any CPU
		{410A46D0-6E09-40C9-AE98-CF91941738C7}.Debug|Any CPU.Build.0 = Debug|Any CPU
		{410A46D0-6E09-40C9-AE98-CF91941738C7}.Release|Any CPU.ActiveCfg = Release|Any CPU
		{410A46D0-6E09-40C9-AE98-CF91941738C7}.Release|Any CPU.Build.0 = Release|Any CPU
	EndGlobalSection
	GlobalSection(SolutionProperties) = preSolution
		HideSolutionNode = FALSE
	EndGlobalSection
	GlobalSection(ExtensibilityGlobals) = postSolution
		SolutionGuid = {8ECAAFB5-F143-48AF-B9E1-F4AAB2256FF6}
	EndGlobalSection
EndGlobal
